
Microsoft Visual Studio Solution File, Format Version 12.00
# Visual Studio 15
VisualStudioVersion = 15.0.27004.2005
MinimumVisualStudioVersion = 10.0.40219.1
Project("{FAE04EC0-301F-11D3-BF4B-00C04F79EFBC}") = "Zadaca", "Zadaca\Zadaca.csproj", "{1775F51A-AE22-4B09-8B31-1B4DF1209960}"
EndProject
Global
	GlobalSection(SolutionConfigurationPlatforms) = preSolution
		Debug|Any CPU = Debug|Any CPU
		Release|Any CPU = Release|Any CPU
	EndGlobalSection
	GlobalSection(ProjectConfigurationPlatforms) = postSolution
		{1775F51A-AE22-4B09-8B31-1B4DF1209960}.Debug|Any CPU.ActiveCfg = Debug|Any CPU
		{1775F51A-AE22-4B09-8B31-1B4DF1209960}.Debug|Any CPU.Build.0 = Debug|Any CPU
		{1775F51A-AE22-4B09-8B31-1B4DF1209960}.Release|Any CPU.ActiveCfg = Release|Any CPU
		{1775F51A-AE22-4B09-8B31-1B4DF1209960}.Release|Any CPU.Build.0 = Release|Any CPU
	EndGlobalSection
	GlobalSection(SolutionProperties) = preSolution
		HideSolutionNode = FALSE
	EndGlobalSection
	GlobalSection(ExtensibilityGlobals) = postSolution
		SolutionGuid = {C2418069-88E4-44D1-90AF-4DE2C7CC0213}
	EndGlobalSection
EndGlobal
